
Microsoft Visual Studio Solution File, Format Version 12.00
# Visual Studio Version 17
VisualStudioVersion = 17.5.002.0
MinimumVisualStudioVersion = 10.0.40219.1
Project("{2150E333-8FDC-42A3-9474-1A3956D46DE8}") = "CSE539", "CSE539", "{2C89B9F6-F10A-4D1D-8303-FB720F95AAE5}"
EndProject
Project("{2150E333-8FDC-42A3-9474-1A3956D46DE8}") = "HashProject", "HashProject", "{BBA341B4-058D-48A3-A813-E0894635D791}"
EndProject
Project("{9A19103F-16F7-4668-BE54-9A1E7A4F7556}") = "P2", "CSE539\HashProject\P2\P2.csproj", "{92272ADD-9AB1-4D44-BE68-F00D7BE0DE54}"
EndProject
Project("{2150E333-8FDC-42A3-9474-1A3956D46DE8}") = "RSA", "RSA", "{C4BB69EC-A3B3-4130-AD4D-5781B3749C2C}"
EndProject
Project("{9A19103F-16F7-4668-BE54-9A1E7A4F7556}") = "P4", "CSE539\RSA\P4\P4.csproj", "{1F5781CC-5D4E-47A4-83D7-231CA15E97D5}"
EndProject
Project("{2150E333-8FDC-42A3-9474-1A3956D46DE8}") = "DiffieHellman", "DiffieHellman", "{74761AA1-8714-4F43-A934-29EA23AE8D4A}"
EndProject
Project("{9A19103F-16F7-4668-BE54-9A1E7A4F7556}") = "P3", "CSE539\DiffieHellman\P3\P3.csproj", "{898A74A7-70EB-429B-B777-ACFEA7E1ABF4}"
EndProject
Project("{2150E333-8FDC-42A3-9474-1A3956D46DE8}") = "StenographyAndCryptanalysisProject", "StenographyAndCryptanalysisProject", "{408924AA-D616-40A2-9009-FA0C0EA0AD1D}"
EndProject
Project("{9A19103F-16F7-4668-BE54-9A1E7A4F7556}") = "P1_2", "CSE539\StenographyAndCryptanalysisProject\P1_2\P1_2.csproj", "{E1AE5710-B769-4178-84C5-3CBFC569C956}"
EndProject
Project("{9A19103F-16F7-4668-BE54-9A1E7A4F7556}") = "P1_1", "CSE539\StenographyAndCryptanalysisProject\P1_1\P1_1.csproj", "{A194DB31-ACE4-4C7A-917B-7294FC2507CD}"
EndProject
Global
	GlobalSection(SolutionConfigurationPlatforms) = preSolution
		Debug|Any CPU = Debug|Any CPU
		Release|Any CPU = Release|Any CPU
	EndGlobalSection
	GlobalSection(ProjectConfigurationPlatforms) = postSolution
		{92272ADD-9AB1-4D44-BE68-F00D7BE0DE54}.Debug|Any CPU.ActiveCfg = Debug|Any CPU
		{92272ADD-9AB1-4D44-BE68-F00D7BE0DE54}.Debug|Any CPU.Build.0 = Debug|Any CPU
		{92272ADD-9AB1-4D44-BE68-F00D7BE0DE54}.Release|Any CPU.ActiveCfg = Release|Any CPU
		{92272ADD-9AB1-4D44-BE68-F00D7BE0DE54}.Release|Any CPU.Build.0 = Release|Any CPU
		{1F5781CC-5D4E-47A4-83D7-231CA15E97D5}.Debug|Any CPU.ActiveCfg = Debug|Any CPU
		{1F5781CC-5D4E-47A4-83D7-231CA15E97D5}.Debug|Any CPU.Build.0 = Debug|Any CPU
		{1F5781CC-5D4E-47A4-83D7-231CA15E97D5}.Release|Any CPU.ActiveCfg = Release|Any CPU
		{1F5781CC-5D4E-47A4-83D7-231CA15E97D5}.Release|Any CPU.Build.0 = Release|Any CPU
		{898A74A7-70EB-429B-B777-ACFEA7E1ABF4}.Debug|Any CPU.ActiveCfg = Debug|Any CPU
		{898A74A7-70EB-429B-B777-ACFEA7E1ABF4}.Debug|Any CPU.Build.0 = Debug|Any CPU
		{898A74A7-70EB-429B-B777-ACFEA7E1ABF4}.Release|Any CPU.ActiveCfg = Release|Any CPU
		{898A74A7-70EB-429B-B777-ACFEA7E1ABF4}.Release|Any CPU.Build.0 = Release|Any CPU
		{E1AE5710-B769-4178-84C5-3CBFC569C956}.Debug|Any CPU.ActiveCfg = Debug|Any CPU
		{E1AE5710-B769-4178-84C5-3CBFC569C956}.Debug|Any CPU.Build.0 = Debug|Any CPU
		{E1AE5710-B769-4178-84C5-3CBFC569C956}.Release|Any CPU.ActiveCfg = Release|Any CPU
		{E1AE5710-B769-4178-84C5-3CBFC569C956}.Release|Any CPU.Build.0 = Release|Any CPU
		{A194DB31-ACE4-4C7A-917B-7294FC2507CD}.Debug|Any CPU.ActiveCfg = Debug|Any CPU
		{A194DB31-ACE4-4C7A-917B-7294FC2507CD}.Debug|Any CPU.Build.0 = Debug|Any CPU
		{A194DB31-ACE4-4C7A-917B-7294FC2507CD}.Release|Any CPU.ActiveCfg = Release|Any CPU
		{A194DB31-ACE4-4C7A-917B-7294FC2507CD}.Release|Any CPU.Build.0 = Release|Any CPU
	EndGlobalSection
	GlobalSection(SolutionProperties) = preSolution
		HideSolutionNode = FALSE
	EndGlobalSection
	GlobalSection(NestedProjects) = preSolution
		{BBA341B4-058D-48A3-A813-E0894635D791} = {2C89B9F6-F10A-4D1D-8303-FB720F95AAE5}
		{92272ADD-9AB1-4D44-BE68-F00D7BE0DE54} = {BBA341B4-058D-48A3-A813-E0894635D791}
		{C4BB69EC-A3B3-4130-AD4D-5781B3749C2C} = {2C89B9F6-F10A-4D1D-8303-FB720F95AAE5}
		{1F5781CC-5D4E-47A4-83D7-231CA15E97D5} = {C4BB69EC-A3B3-4130-AD4D-5781B3749C2C}
		{74761AA1-8714-4F43-A934-29EA23AE8D4A} = {2C89B9F6-F10A-4D1D-8303-FB720F95AAE5}
		{898A74A7-70EB-429B-B777-ACFEA7E1ABF4} = {74761AA1-8714-4F43-A934-29EA23AE8D4A}
		{408924AA-D616-40A2-9009-FA0C0EA0AD1D} = {2C89B9F6-F10A-4D1D-8303-FB720F95AAE5}
		{E1AE5710-B769-4178-84C5-3CBFC569C956} = {408924AA-D616-40A2-9009-FA0C0EA0AD1D}
		{A194DB31-ACE4-4C7A-917B-7294FC2507CD} = {408924AA-D616-40A2-9009-FA0C0EA0AD1D}
	EndGlobalSection
	GlobalSection(ExtensibilityGlobals) = postSolution
		SolutionGuid = {079BC372-30A5-4F03-9042-D13C0EA3F2C2}
	EndGlobalSection
EndGlobal
