
Microsoft Visual Studio Solution File, Format Version 12.00
# Visual Studio Version 17
VisualStudioVersion = 17.5.002.0
MinimumVisualStudioVersion = 10.0.40219.1
Project("{9A19103F-16F7-4668-BE54-9A1E7A4F7556}") = "BMI_Calculator_APIS", "BMI_Calculator_APIS.csproj", "{6B8AB371-99E6-48BD-9F41-033D3E8049B1}"
EndProject
Global
	GlobalSection(SolutionConfigurationPlatforms) = preSolution
		Debug|Any CPU = Debug|Any CPU
		Release|Any CPU = Release|Any CPU
	EndGlobalSection
	GlobalSection(ProjectConfigurationPlatforms) = postSolution
		{6B8AB371-99E6-48BD-9F41-033D3E8049B1}.Debug|Any CPU.ActiveCfg = Debug|Any CPU
		{6B8AB371-99E6-48BD-9F41-033D3E8049B1}.Debug|Any CPU.Build.0 = Debug|Any CPU
		{6B8AB371-99E6-48BD-9F41-033D3E8049B1}.Release|Any CPU.ActiveCfg = Release|Any CPU
		{6B8AB371-99E6-48BD-9F41-033D3E8049B1}.Release|Any CPU.Build.0 = Release|Any CPU
	EndGlobalSection
	GlobalSection(SolutionProperties) = preSolution
		HideSolutionNode = FALSE
	EndGlobalSection
	GlobalSection(ExtensibilityGlobals) = postSolution
		SolutionGuid = {C78D022A-8277-42FD-B10B-FD012B40D9D6}
	EndGlobalSection
EndGlobal
