
Microsoft Visual Studio Solution File, Format Version 12.00
# Visual Studio Version 16
VisualStudioVersion = 16.0.34114.132
MinimumVisualStudioVersion = 10.0.40219.1
Project("{FAE04EC0-301F-11D3-BF4B-00C04F79EFBC}") = "BMI_Calculator_Console", "BMI_Calculator_Console\BMI_Calculator_Console.csproj", "{BA68A6A7-2C38-45A7-8AAD-03C15F00042A}"
EndProject
Project("{FAE04EC0-301F-11D3-BF4B-00C04F79EFBC}") = "BMI_Calculator_Web", "BMI_Calculator_Web\BMI_Calculator_Web.csproj", "{7124D639-E3AE-445E-A63F-4ABEAC61CE4C}"
EndProject
Global
	GlobalSection(SolutionConfigurationPlatforms) = preSolution
		Debug|Any CPU = Debug|Any CPU
		Release|Any CPU = Release|Any CPU
	EndGlobalSection
	GlobalSection(ProjectConfigurationPlatforms) = postSolution
		{BA68A6A7-2C38-45A7-8AAD-03C15F00042A}.Debug|Any CPU.ActiveCfg = Debug|Any CPU
		{BA68A6A7-2C38-45A7-8AAD-03C15F00042A}.Debug|Any CPU.Build.0 = Debug|Any CPU
		{BA68A6A7-2C38-45A7-8AAD-03C15F00042A}.Release|Any CPU.ActiveCfg = Release|Any CPU
		{BA68A6A7-2C38-45A7-8AAD-03C15F00042A}.Release|Any CPU.Build.0 = Release|Any CPU
		{7124D639-E3AE-445E-A63F-4ABEAC61CE4C}.Debug|Any CPU.ActiveCfg = Debug|Any CPU
		{7124D639-E3AE-445E-A63F-4ABEAC61CE4C}.Debug|Any CPU.Build.0 = Debug|Any CPU
		{7124D639-E3AE-445E-A63F-4ABEAC61CE4C}.Release|Any CPU.ActiveCfg = Release|Any CPU
		{7124D639-E3AE-445E-A63F-4ABEAC61CE4C}.Release|Any CPU.Build.0 = Release|Any CPU
	EndGlobalSection
	GlobalSection(SolutionProperties) = preSolution
		HideSolutionNode = FALSE
	EndGlobalSection
	GlobalSection(ExtensibilityGlobals) = postSolution
		SolutionGuid = {593D436E-C806-4BF8-B356-031889EB4B81}
	EndGlobalSection
EndGlobal
